
Microsoft Visual Studio Solution File, Format Version 12.00
# Visual Studio Version 17
VisualStudioVersion = 17.8.34511.84
MinimumVisualStudioVersion = 10.0.40219.1
Project("{FAE04EC0-301F-11D3-BF4B-00C04F79EFBC}") = "dz10_Heroes", "dz10_Heroes.csproj", "{C983158A-2306-416B-B3E6-D376D5E5B726}"
EndProject
Global
	GlobalSection(SolutionConfigurationPlatforms) = preSolution
		Debug|Any CPU = Debug|Any CPU
		Release|Any CPU = Release|Any CPU
	EndGlobalSection
	GlobalSection(ProjectConfigurationPlatforms) = postSolution
		{C983158A-2306-416B-B3E6-D376D5E5B726}.Debug|Any CPU.ActiveCfg = Debug|Any CPU
		{C983158A-2306-416B-B3E6-D376D5E5B726}.Debug|Any CPU.Build.0 = Debug|Any CPU
		{C983158A-2306-416B-B3E6-D376D5E5B726}.Release|Any CPU.ActiveCfg = Release|Any CPU
		{C983158A-2306-416B-B3E6-D376D5E5B726}.Release|Any CPU.Build.0 = Release|Any CPU
	EndGlobalSection
	GlobalSection(SolutionProperties) = preSolution
		HideSolutionNode = FALSE
	EndGlobalSection
	GlobalSection(ExtensibilityGlobals) = postSolution
		SolutionGuid = {1396E7BC-A5F6-49F7-95F4-8559FBCBCF26}
	EndGlobalSection
EndGlobal
